
Microsoft Visual Studio Solution File, Format Version 12.00
# Visual Studio Version 17
VisualStudioVersion = 17.10.35122.118
MinimumVisualStudioVersion = 10.0.40219.1
Project("{9A19103F-16F7-4668-BE54-9A1E7A4F7556}") = "EcommerceAPI", "EcommerceAPI.csproj", "{0A9E53DA-DEAA-451D-A748-687314F653DE}"
EndProject
Global
	GlobalSection(SolutionConfigurationPlatforms) = preSolution
		Debug|Any CPU = Debug|Any CPU
		Release|Any CPU = Release|Any CPU
	EndGlobalSection
	GlobalSection(ProjectConfigurationPlatforms) = postSolution
		{0A9E53DA-DEAA-451D-A748-687314F653DE}.Debug|Any CPU.ActiveCfg = Debug|Any CPU
		{0A9E53DA-DEAA-451D-A748-687314F653DE}.Debug|Any CPU.Build.0 = Debug|Any CPU
		{0A9E53DA-DEAA-451D-A748-687314F653DE}.Release|Any CPU.ActiveCfg = Release|Any CPU
		{0A9E53DA-DEAA-451D-A748-687314F653DE}.Release|Any CPU.Build.0 = Release|Any CPU
	EndGlobalSection
	GlobalSection(SolutionProperties) = preSolution
		HideSolutionNode = FALSE
	EndGlobalSection
	GlobalSection(ExtensibilityGlobals) = postSolution
		SolutionGuid = {F11E4BFD-E7D9-45FA-8A81-DF605E574509}
	EndGlobalSection
EndGlobal
